
Microsoft Visual Studio Solution File, Format Version 12.00
# Visual Studio Version 17
VisualStudioVersion = 17.1.32210.238
MinimumVisualStudioVersion = 10.0.40219.1
Project("{FAE04EC0-301F-11D3-BF4B-00C04F79EFBC}") = "zadanie_8.1", "zadanie_8.1\zadanie_8.1.csproj", "{4BB00CCE-C18C-4A00-AD72-70D51179EFCB}"
EndProject
Global
	GlobalSection(SolutionConfigurationPlatforms) = preSolution
		Debug|Any CPU = Debug|Any CPU
		Release|Any CPU = Release|Any CPU
	EndGlobalSection
	GlobalSection(ProjectConfigurationPlatforms) = postSolution
		{4BB00CCE-C18C-4A00-AD72-70D51179EFCB}.Debug|Any CPU.ActiveCfg = Debug|Any CPU
		{4BB00CCE-C18C-4A00-AD72-70D51179EFCB}.Debug|Any CPU.Build.0 = Debug|Any CPU
		{4BB00CCE-C18C-4A00-AD72-70D51179EFCB}.Release|Any CPU.ActiveCfg = Release|Any CPU
		{4BB00CCE-C18C-4A00-AD72-70D51179EFCB}.Release|Any CPU.Build.0 = Release|Any CPU
	EndGlobalSection
	GlobalSection(SolutionProperties) = preSolution
		HideSolutionNode = FALSE
	EndGlobalSection
	GlobalSection(ExtensibilityGlobals) = postSolution
		SolutionGuid = {243D3487-3896-4FA8-B1A3-F9F6067F000A}
	EndGlobalSection
EndGlobal
