
Microsoft Visual Studio Solution File, Format Version 12.00
# Visual Studio Version 17
VisualStudioVersion = 17.1.32210.238
MinimumVisualStudioVersion = 10.0.40219.1
Project("{FAE04EC0-301F-11D3-BF4B-00C04F79EFBC}") = "zadanie4", "zadanie4\zadanie4.csproj", "{95FF382F-0588-46FF-BA74-1545E5599F68}"
EndProject
Global
	GlobalSection(SolutionConfigurationPlatforms) = preSolution
		Debug|Any CPU = Debug|Any CPU
		Release|Any CPU = Release|Any CPU
	EndGlobalSection
	GlobalSection(ProjectConfigurationPlatforms) = postSolution
		{95FF382F-0588-46FF-BA74-1545E5599F68}.Debug|Any CPU.ActiveCfg = Debug|Any CPU
		{95FF382F-0588-46FF-BA74-1545E5599F68}.Debug|Any CPU.Build.0 = Debug|Any CPU
		{95FF382F-0588-46FF-BA74-1545E5599F68}.Release|Any CPU.ActiveCfg = Release|Any CPU
		{95FF382F-0588-46FF-BA74-1545E5599F68}.Release|Any CPU.Build.0 = Release|Any CPU
	EndGlobalSection
	GlobalSection(SolutionProperties) = preSolution
		HideSolutionNode = FALSE
	EndGlobalSection
	GlobalSection(ExtensibilityGlobals) = postSolution
		SolutionGuid = {C539FDC9-90CB-4C63-915D-8A896428D4BD}
	EndGlobalSection
EndGlobal
